// !$*UTF8*$!
{
	archiveVersion = 1;
	classes = {
	};
	objectVersion = 46;
	objects = {

/* Begin PBXBuildFile section */
		0C45A066167DB4FD00C6C347 /* Reachability.m in Sources */ = {isa = PBXBuildFile; fileRef = 0C45A050167DB4FD00C6C347 /* Reachability.m */; };
		0C45A067167DB4FD00C6C347 /* ASIAuthenticationDialog.m in Sources */ = {isa = PBXBuildFile; fileRef = 0C45A053167DB4FD00C6C347 /* ASIAuthenticationDialog.m */; };
		0C45A068167DB4FD00C6C347 /* ASIDataCompressor.m in Sources */ = {isa = PBXBuildFile; fileRef = 0C45A056167DB4FD00C6C347 /* ASIDataCompressor.m */; };
		0C45A069167DB4FD00C6C347 /* ASIDataDecompressor.m in Sources */ = {isa = PBXBuildFile; fileRef = 0C45A058167DB4FD00C6C347 /* ASIDataDecompressor.m */; };
		0C45A06A167DB4FD00C6C347 /* ASIDownloadCache.m in Sources */ = {isa = PBXBuildFile; fileRef = 0C45A05A167DB4FD00C6C347 /* ASIDownloadCache.m */; };
		0C45A06B167DB4FD00C6C347 /* ASIFormDataRequest.m in Sources */ = {isa = PBXBuildFile; fileRef = 0C45A05C167DB4FD00C6C347 /* ASIFormDataRequest.m */; };
		0C45A06C167DB4FD00C6C347 /* ASIHTTPRequest.m in Sources */ = {isa = PBXBuildFile; fileRef = 0C45A05E167DB4FD00C6C347 /* ASIHTTPRequest.m */; };
		0C45A06D167DB4FD00C6C347 /* ASIInputStream.m in Sources */ = {isa = PBXBuildFile; fileRef = 0C45A062167DB4FD00C6C347 /* ASIInputStream.m */; };
		0C45A06E167DB4FD00C6C347 /* ASINetworkQueue.m in Sources */ = {isa = PBXBuildFile; fileRef = 0C45A064167DB4FD00C6C347 /* ASINetworkQueue.m */; };
		0C45A070167DB58100C6C347 /* CFNetwork.framework in Frameworks */ = {isa = PBXBuildFile; fileRef = 0C45A06F167DB58100C6C347 /* CFNetwork.framework */; };
		0C45A072167DB58F00C6C347 /* SystemConfiguration.framework in Frameworks */ = {isa = PBXBuildFile; fileRef = 0C45A071167DB58F00C6C347 /* SystemConfiguration.framework */; };
		0C45A074167DB59600C6C347 /* MobileCoreServices.framework in Frameworks */ = {isa = PBXBuildFile; fileRef = 0C45A073167DB59600C6C347 /* MobileCoreServices.framework */; };
		0C45A076167DB5A800C6C347 /* libz.1.2.5.dylib in Frameworks */ = {isa = PBXBuildFile; fileRef = 0C45A075167DB5A800C6C347 /* libz.1.2.5.dylib */; };
		0C495026167F372A0072F556 /* JSONKit.m in Sources */ = {isa = PBXBuildFile; fileRef = 0C495025167F372A0072F556 /* JSONKit.m */; };
		0CA35741168C3E5600CDD41E /* 72.png in Resources */ = {isa = PBXBuildFile; fileRef = 0CA3573F168C3E5600CDD41E /* 72.png */; };
		0CA35742168C3E5600CDD41E /* 144.png in Resources */ = {isa = PBXBuildFile; fileRef = 0CA35740168C3E5600CDD41E /* 144.png */; };
		0CA8EAED16D4CC08000C18CC /* UIImage+ImageScale.m in Sources */ = {isa = PBXBuildFile; fileRef = 0CA8EAEC16D4CC08000C18CC /* UIImage+ImageScale.m */; };
		0CA8EAEF16D4DD1C000C18CC /* AssetsLibrary.framework in Frameworks */ = {isa = PBXBuildFile; fileRef = 0CA8EAEE16D4DD1C000C18CC /* AssetsLibrary.framework */; };
		0CE7C06C167B3FEC005A5C16 /* UIKit.framework in Frameworks */ = {isa = PBXBuildFile; fileRef = 0CE7C06B167B3FEC005A5C16 /* UIKit.framework */; };
		0CE7C06E167B3FEC005A5C16 /* Foundation.framework in Frameworks */ = {isa = PBXBuildFile; fileRef = 0CE7C06D167B3FEC005A5C16 /* Foundation.framework */; };
		0CE7C070167B3FEC005A5C16 /* CoreGraphics.framework in Frameworks */ = {isa = PBXBuildFile; fileRef = 0CE7C06F167B3FEC005A5C16 /* CoreGraphics.framework */; };
		0CE7C076167B3FEC005A5C16 /* InfoPlist.strings in Resources */ = {isa = PBXBuildFile; fileRef = 0CE7C074167B3FEC005A5C16 /* InfoPlist.strings */; };
		0CE7C078167B3FEC005A5C16 /* main.m in Sources */ = {isa = PBXBuildFile; fileRef = 0CE7C077167B3FEC005A5C16 /* main.m */; };
		0CE7C07C167B3FEC005A5C16 /* AbelAppDelegate.m in Sources */ = {isa = PBXBuildFile; fileRef = 0CE7C07B167B3FEC005A5C16 /* AbelAppDelegate.m */; };
		0CE7C07F167B3FEC005A5C16 /* AbelViewController.m in Sources */ = {isa = PBXBuildFile; fileRef = 0CE7C07E167B3FEC005A5C16 /* AbelViewController.m */; };
		0CE7C082167B3FEC005A5C16 /* AbelViewController.xib in Resources */ = {isa = PBXBuildFile; fileRef = 0CE7C080167B3FEC005A5C16 /* AbelViewController.xib */; };
		0CEB8984168ABB8A001FEB41 /* CameraOverlayViewController.m in Sources */ = {isa = PBXBuildFile; fileRef = 0CEB8983168ABB8A001FEB41 /* CameraOverlayViewController.m */; };
		0CEB898C168AEA6E001FEB41 /* ImageViewController.m in Sources */ = {isa = PBXBuildFile; fileRef = 0CEB898B168AEA6E001FEB41 /* ImageViewController.m */; };
/* End PBXBuildFile section */

/* Begin PBXFileReference section */
		0C45A04F167DB4FD00C6C347 /* Reachability.h */ = {isa = PBXFileReference; fileEncoding = 4; lastKnownFileType = sourcecode.c.h; path = Reachability.h; sourceTree = "<group>"; };
		0C45A050167DB4FD00C6C347 /* Reachability.m */ = {isa = PBXFileReference; fileEncoding = 4; lastKnownFileType = sourcecode.c.objc; path = Reachability.m; sourceTree = "<group>"; };
		0C45A052167DB4FD00C6C347 /* ASIAuthenticationDialog.h */ = {isa = PBXFileReference; fileEncoding = 4; lastKnownFileType = sourcecode.c.h; path = ASIAuthenticationDialog.h; sourceTree = "<group>"; };
		0C45A053167DB4FD00C6C347 /* ASIAuthenticationDialog.m */ = {isa = PBXFileReference; fileEncoding = 4; lastKnownFileType = sourcecode.c.objc; path = ASIAuthenticationDialog.m; sourceTree = "<group>"; };
		0C45A054167DB4FD00C6C347 /* ASICacheDelegate.h */ = {isa = PBXFileReference; fileEncoding = 4; lastKnownFileType = sourcecode.c.h; path = ASICacheDelegate.h; sourceTree = "<group>"; };
		0C45A055167DB4FD00C6C347 /* ASIDataCompressor.h */ = {isa = PBXFileReference; fileEncoding = 4; lastKnownFileType = sourcecode.c.h; path = ASIDataCompressor.h; sourceTree = "<group>"; };
		0C45A056167DB4FD00C6C347 /* ASIDataCompressor.m */ = {isa = PBXFileReference; fileEncoding = 4; lastKnownFileType = sourcecode.c.objc; path = ASIDataCompressor.m; sourceTree = "<group>"; };
		0C45A057167DB4FD00C6C347 /* ASIDataDecompressor.h */ = {isa = PBXFileReference; fileEncoding = 4; lastKnownFileType = sourcecode.c.h; path = ASIDataDecompressor.h; sourceTree = "<group>"; };
		0C45A058167DB4FD00C6C347 /* ASIDataDecompressor.m */ = {isa = PBXFileReference; fileEncoding = 4; lastKnownFileType = sourcecode.c.objc; path = ASIDataDecompressor.m; sourceTree = "<group>"; };
		0C45A059167DB4FD00C6C347 /* ASIDownloadCache.h */ = {isa = PBXFileReference; fileEncoding = 4; lastKnownFileType = sourcecode.c.h; path = ASIDownloadCache.h; sourceTree = "<group>"; };
		0C45A05A167DB4FD00C6C347 /* ASIDownloadCache.m */ = {isa = PBXFileReference; fileEncoding = 4; lastKnownFileType = sourcecode.c.objc; path = ASIDownloadCache.m; sourceTree = "<group>"; };
		0C45A05B167DB4FD00C6C347 /* ASIFormDataRequest.h */ = {isa = PBXFileReference; fileEncoding = 4; lastKnownFileType = sourcecode.c.h; path = ASIFormDataRequest.h; sourceTree = "<group>"; };
		0C45A05C167DB4FD00C6C347 /* ASIFormDataRequest.m */ = {isa = PBXFileReference; fileEncoding = 4; lastKnownFileType = sourcecode.c.objc; path = ASIFormDataRequest.m; sourceTree = "<group>"; };
		0C45A05D167DB4FD00C6C347 /* ASIHTTPRequest.h */ = {isa = PBXFileReference; fileEncoding = 4; lastKnownFileType = sourcecode.c.h; path = ASIHTTPRequest.h; sourceTree = "<group>"; };
		0C45A05E167DB4FD00C6C347 /* ASIHTTPRequest.m */ = {isa = PBXFileReference; fileEncoding = 4; lastKnownFileType = sourcecode.c.objc; path = ASIHTTPRequest.m; sourceTree = "<group>"; };
		0C45A05F167DB4FD00C6C347 /* ASIHTTPRequestConfig.h */ = {isa = PBXFileReference; fileEncoding = 4; lastKnownFileType = sourcecode.c.h; path = ASIHTTPRequestConfig.h; sourceTree = "<group>"; };
		0C45A060167DB4FD00C6C347 /* ASIHTTPRequestDelegate.h */ = {isa = PBXFileReference; fileEncoding = 4; lastKnownFileType = sourcecode.c.h; path = ASIHTTPRequestDelegate.h; sourceTree = "<group>"; };
		0C45A061167DB4FD00C6C347 /* ASIInputStream.h */ = {isa = PBXFileReference; fileEncoding = 4; lastKnownFileType = sourcecode.c.h; path = ASIInputStream.h; sourceTree = "<group>"; };
		0C45A062167DB4FD00C6C347 /* ASIInputStream.m */ = {isa = PBXFileReference; fileEncoding = 4; lastKnownFileType = sourcecode.c.objc; path = ASIInputStream.m; sourceTree = "<group>"; };
		0C45A063167DB4FD00C6C347 /* ASINetworkQueue.h */ = {isa = PBXFileReference; fileEncoding = 4; lastKnownFileType = sourcecode.c.h; path = ASINetworkQueue.h; sourceTree = "<group>"; };
		0C45A064167DB4FD00C6C347 /* ASINetworkQueue.m */ = {isa = PBXFileReference; fileEncoding = 4; lastKnownFileType = sourcecode.c.objc; path = ASINetworkQueue.m; sourceTree = "<group>"; };
		0C45A065167DB4FD00C6C347 /* ASIProgressDelegate.h */ = {isa = PBXFileReference; fileEncoding = 4; lastKnownFileType = sourcecode.c.h; path = ASIProgressDelegate.h; sourceTree = "<group>"; };
		0C45A06F167DB58100C6C347 /* CFNetwork.framework */ = {isa = PBXFileReference; lastKnownFileType = wrapper.framework; name = CFNetwork.framework; path = System/Library/Frameworks/CFNetwork.framework; sourceTree = SDKROOT; };
		0C45A071167DB58F00C6C347 /* SystemConfiguration.framework */ = {isa = PBXFileReference; lastKnownFileType = wrapper.framework; name = SystemConfiguration.framework; path = System/Library/Frameworks/SystemConfiguration.framework; sourceTree = SDKROOT; };
		0C45A073167DB59600C6C347 /* MobileCoreServices.framework */ = {isa = PBXFileReference; lastKnownFileType = wrapper.framework; name = MobileCoreServices.framework; path = System/Library/Frameworks/MobileCoreServices.framework; sourceTree = SDKROOT; };
		0C45A075167DB5A800C6C347 /* libz.1.2.5.dylib */ = {isa = PBXFileReference; lastKnownFileType = "compiled.mach-o.dylib"; name = libz.1.2.5.dylib; path = usr/lib/libz.1.2.5.dylib; sourceTree = SDKROOT; };
		0C495024167F372A0072F556 /* JSONKit.h */ = {isa = PBXFileReference; fileEncoding = 4; lastKnownFileType = sourcecode.c.h; path = JSONKit.h; sourceTree = "<group>"; };
		0C495025167F372A0072F556 /* JSONKit.m */ = {isa = PBXFileReference; fileEncoding = 4; lastKnownFileType = sourcecode.c.objc; path = JSONKit.m; sourceTree = "<group>"; };
		0CA3573F168C3E5600CDD41E /* 72.png */ = {isa = PBXFileReference; lastKnownFileType = image.png; path = 72.png; sourceTree = "<group>"; };
		0CA35740168C3E5600CDD41E /* 144.png */ = {isa = PBXFileReference; lastKnownFileType = image.png; path = 144.png; sourceTree = "<group>"; };
		0CA8EAEB16D4CC08000C18CC /* UIImage+ImageScale.h */ = {isa = PBXFileReference; fileEncoding = 4; lastKnownFileType = sourcecode.c.h; path = "UIImage+ImageScale.h"; sourceTree = "<group>"; };
		0CA8EAEC16D4CC08000C18CC /* UIImage+ImageScale.m */ = {isa = PBXFileReference; fileEncoding = 4; lastKnownFileType = sourcecode.c.objc; path = "UIImage+ImageScale.m"; sourceTree = "<group>"; };
		0CA8EAEE16D4DD1C000C18CC /* AssetsLibrary.framework */ = {isa = PBXFileReference; lastKnownFileType = wrapper.framework; name = AssetsLibrary.framework; path = System/Library/Frameworks/AssetsLibrary.framework; sourceTree = SDKROOT; };
		0CE7C067167B3FEC005A5C16 /* Photygraphy.app */ = {isa = PBXFileReference; explicitFileType = wrapper.application; includeInIndex = 0; path = Photygraphy.app; sourceTree = BUILT_PRODUCTS_DIR; };
		0CE7C06B167B3FEC005A5C16 /* UIKit.framework */ = {isa = PBXFileReference; lastKnownFileType = wrapper.framework; name = UIKit.framework; path = System/Library/Frameworks/UIKit.framework; sourceTree = SDKROOT; };
		0CE7C06D167B3FEC005A5C16 /* Foundation.framework */ = {isa = PBXFileReference; lastKnownFileType = wrapper.framework; name = Foundation.framework; path = System/Library/Frameworks/Foundation.framework; sourceTree = SDKROOT; };
		0CE7C06F167B3FEC005A5C16 /* CoreGraphics.framework */ = {isa = PBXFileReference; lastKnownFileType = wrapper.framework; name = CoreGraphics.framework; path = System/Library/Frameworks/CoreGraphics.framework; sourceTree = SDKROOT; };
		0CE7C073167B3FEC005A5C16 /* Photygraphy-Info.plist */ = {isa = PBXFileReference; lastKnownFileType = text.plist.xml; path = "Photygraphy-Info.plist"; sourceTree = "<group>"; };
		0CE7C075167B3FEC005A5C16 /* en */ = {isa = PBXFileReference; lastKnownFileType = text.plist.strings; name = en; path = en.lproj/InfoPlist.strings; sourceTree = "<group>"; };
		0CE7C077167B3FEC005A5C16 /* main.m */ = {isa = PBXFileReference; lastKnownFileType = sourcecode.c.objc; path = main.m; sourceTree = "<group>"; };
		0CE7C079167B3FEC005A5C16 /* Photygraphy-Prefix.pch */ = {isa = PBXFileReference; lastKnownFileType = sourcecode.c.h; path = "Photygraphy-Prefix.pch"; sourceTree = "<group>"; };
		0CE7C07A167B3FEC005A5C16 /* AbelAppDelegate.h */ = {isa = PBXFileReference; lastKnownFileType = sourcecode.c.h; path = AbelAppDelegate.h; sourceTree = "<group>"; };
		0CE7C07B167B3FEC005A5C16 /* AbelAppDelegate.m */ = {isa = PBXFileReference; lastKnownFileType = sourcecode.c.objc; path = AbelAppDelegate.m; sourceTree = "<group>"; };
		0CE7C07D167B3FEC005A5C16 /* AbelViewController.h */ = {isa = PBXFileReference; lastKnownFileType = sourcecode.c.h; path = AbelViewController.h; sourceTree = "<group>"; };
		0CE7C07E167B3FEC005A5C16 /* AbelViewController.m */ = {isa = PBXFileReference; lastKnownFileType = sourcecode.c.objc; path = AbelViewController.m; sourceTree = "<group>"; };
		0CE7C081167B3FEC005A5C16 /* en */ = {isa = PBXFileReference; lastKnownFileType = file.xib; name = en; path = en.lproj/AbelViewController.xib; sourceTree = "<group>"; };
		0CEB8982168ABB8A001FEB41 /* CameraOverlayViewController.h */ = {isa = PBXFileReference; fileEncoding = 4; lastKnownFileType = sourcecode.c.h; path = CameraOverlayViewController.h; sourceTree = "<group>"; };
		0CEB8983168ABB8A001FEB41 /* CameraOverlayViewController.m */ = {isa = PBXFileReference; fileEncoding = 4; lastKnownFileType = sourcecode.c.objc; path = CameraOverlayViewController.m; sourceTree = "<group>"; };
		0CEB898A168AEA6E001FEB41 /* ImageViewController.h */ = {isa = PBXFileReference; fileEncoding = 4; lastKnownFileType = sourcecode.c.h; path = ImageViewController.h; sourceTree = "<group>"; };
		0CEB898B168AEA6E001FEB41 /* ImageViewController.m */ = {isa = PBXFileReference; fileEncoding = 4; lastKnownFileType = sourcecode.c.objc; path = ImageViewController.m; sourceTree = "<group>"; };
/* End PBXFileReference section */

/* Begin PBXFrameworksBuildPhase section */
		0CE7C064167B3FEC005A5C16 /* Frameworks */ = {
			isa = PBXFrameworksBuildPhase;
			buildActionMask = 2147483647;
			files = (
				0CA8EAEF16D4DD1C000C18CC /* AssetsLibrary.framework in Frameworks */,
				0C45A076167DB5A800C6C347 /* libz.1.2.5.dylib in Frameworks */,
				0CE7C070167B3FEC005A5C16 /* CoreGraphics.framework in Frameworks */,
				0C45A074167DB59600C6C347 /* MobileCoreServices.framework in Frameworks */,
				0C45A072167DB58F00C6C347 /* SystemConfiguration.framework in Frameworks */,
				0C45A070167DB58100C6C347 /* CFNetwork.framework in Frameworks */,
				0CE7C06C167B3FEC005A5C16 /* UIKit.framework in Frameworks */,
				0CE7C06E167B3FEC005A5C16 /* Foundation.framework in Frameworks */,
			);
			runOnlyForDeploymentPostprocessing = 0;
		};
/* End PBXFrameworksBuildPhase section */

/* Begin PBXGroup section */
		0C45A04C167DB4FD00C6C347 /* ASIWebPageRequest */ = {
			isa = PBXGroup;
			children = (
			);
			path = ASIWebPageRequest;
			sourceTree = "<group>";
		};
		0C45A04D167DB4FD00C6C347 /* CloudFiles */ = {
			isa = PBXGroup;
			children = (
			);
			path = CloudFiles;
			sourceTree = "<group>";
		};
		0C45A04E167DB4FD00C6C347 /* Reachability */ = {
			isa = PBXGroup;
			children = (
				0C45A04F167DB4FD00C6C347 /* Reachability.h */,
				0C45A050167DB4FD00C6C347 /* Reachability.m */,
			);
			path = Reachability;
			sourceTree = "<group>";
		};
		0C45A051167DB4FD00C6C347 /* S3 */ = {
			isa = PBXGroup;
			children = (
			);
			path = S3;
			sourceTree = "<group>";
		};
		0CE7C05C167B3FEC005A5C16 = {
			isa = PBXGroup;
			children = (
				0CE7C071167B3FEC005A5C16 /* Photygraphy */,
				0CE7C06A167B3FEC005A5C16 /* Frameworks */,
				0CE7C068167B3FEC005A5C16 /* Products */,
			);
			sourceTree = "<group>";
		};
		0CE7C068167B3FEC005A5C16 /* Products */ = {
			isa = PBXGroup;
			children = (
				0CE7C067167B3FEC005A5C16 /* Photygraphy.app */,
			);
			name = Products;
			sourceTree = "<group>";
		};
		0CE7C06A167B3FEC005A5C16 /* Frameworks */ = {
			isa = PBXGroup;
			children = (
				0CA8EAEE16D4DD1C000C18CC /* AssetsLibrary.framework */,
				0C45A075167DB5A800C6C347 /* libz.1.2.5.dylib */,
				0C45A073167DB59600C6C347 /* MobileCoreServices.framework */,
				0C45A071167DB58F00C6C347 /* SystemConfiguration.framework */,
				0C45A06F167DB58100C6C347 /* CFNetwork.framework */,
				0CE7C06B167B3FEC005A5C16 /* UIKit.framework */,
				0CE7C06D167B3FEC005A5C16 /* Foundation.framework */,
				0CE7C06F167B3FEC005A5C16 /* CoreGraphics.framework */,
			);
			name = Frameworks;
			sourceTree = "<group>";
		};
		0CE7C071167B3FEC005A5C16 /* Photygraphy */ = {
			isa = PBXGroup;
			children = (
				0C45A04C167DB4FD00C6C347 /* ASIWebPageRequest */,
				0C45A04D167DB4FD00C6C347 /* CloudFiles */,
				0C45A04E167DB4FD00C6C347 /* Reachability */,
				0C45A051167DB4FD00C6C347 /* S3 */,
				0C495024167F372A0072F556 /* JSONKit.h */,
				0C495025167F372A0072F556 /* JSONKit.m */,
				0C45A052167DB4FD00C6C347 /* ASIAuthenticationDialog.h */,
				0C45A053167DB4FD00C6C347 /* ASIAuthenticationDialog.m */,
				0C45A054167DB4FD00C6C347 /* ASICacheDelegate.h */,
				0C45A055167DB4FD00C6C347 /* ASIDataCompressor.h */,
				0C45A056167DB4FD00C6C347 /* ASIDataCompressor.m */,
				0C45A057167DB4FD00C6C347 /* ASIDataDecompressor.h */,
				0C45A058167DB4FD00C6C347 /* ASIDataDecompressor.m */,
				0C45A059167DB4FD00C6C347 /* ASIDownloadCache.h */,
				0C45A05A167DB4FD00C6C347 /* ASIDownloadCache.m */,
				0C45A05B167DB4FD00C6C347 /* ASIFormDataRequest.h */,
				0C45A05C167DB4FD00C6C347 /* ASIFormDataRequest.m */,
				0C45A05D167DB4FD00C6C347 /* ASIHTTPRequest.h */,
				0C45A05E167DB4FD00C6C347 /* ASIHTTPRequest.m */,
				0C45A05F167DB4FD00C6C347 /* ASIHTTPRequestConfig.h */,
				0C45A060167DB4FD00C6C347 /* ASIHTTPRequestDelegate.h */,
				0C45A061167DB4FD00C6C347 /* ASIInputStream.h */,
				0C45A062167DB4FD00C6C347 /* ASIInputStream.m */,
				0C45A063167DB4FD00C6C347 /* ASINetworkQueue.h */,
				0C45A064167DB4FD00C6C347 /* ASINetworkQueue.m */,
				0C45A065167DB4FD00C6C347 /* ASIProgressDelegate.h */,
				0CE7C07A167B3FEC005A5C16 /* AbelAppDelegate.h */,
				0CE7C07B167B3FEC005A5C16 /* AbelAppDelegate.m */,
				0CE7C07D167B3FEC005A5C16 /* AbelViewController.h */,
				0CE7C07E167B3FEC005A5C16 /* AbelViewController.m */,
				0CE7C080167B3FEC005A5C16 /* AbelViewController.xib */,
				0CEB8982168ABB8A001FEB41 /* CameraOverlayViewController.h */,
				0CEB8983168ABB8A001FEB41 /* CameraOverlayViewController.m */,
				0CEB898A168AEA6E001FEB41 /* ImageViewController.h */,
				0CEB898B168AEA6E001FEB41 /* ImageViewController.m */,
				0CE7C072167B3FEC005A5C16 /* Supporting Files */,
				0CA8EAEB16D4CC08000C18CC /* UIImage+ImageScale.h */,
				0CA8EAEC16D4CC08000C18CC /* UIImage+ImageScale.m */,
			);
			path = Photygraphy;
			sourceTree = "<group>";
		};
		0CE7C072167B3FEC005A5C16 /* Supporting Files */ = {
			isa = PBXGroup;
			children = (
				0CA3573F168C3E5600CDD41E /* 72.png */,
				0CA35740168C3E5600CDD41E /* 144.png */,
				0CE7C073167B3FEC005A5C16 /* Photygraphy-Info.plist */,
				0CE7C074167B3FEC005A5C16 /* InfoPlist.strings */,
				0CE7C077167B3FEC005A5C16 /* main.m */,
				0CE7C079167B3FEC005A5C16 /* Photygraphy-Prefix.pch */,
			);
			name = "Supporting Files";
			sourceTree = "<group>";
		};
/* End PBXGroup section */

/* Begin PBXNativeTarget section */
		0CE7C066167B3FEC005A5C16 /* Photygraphy */ = {
			isa = PBXNativeTarget;
			buildConfigurationList = 0CE7C085167B3FEC005A5C16 /* Build configuration list for PBXNativeTarget "Photygraphy" */;
			buildPhases = (
				0CE7C063167B3FEC005A5C16 /* Sources */,
				0CE7C064167B3FEC005A5C16 /* Frameworks */,
				0CE7C065167B3FEC005A5C16 /* Resources */,
			);
			buildRules = (
			);
			dependencies = (
			);
			name = Photygraphy;
			productName = Photygraphy;
			productReference = 0CE7C067167B3FEC005A5C16 /* Photygraphy.app */;
			productType = "com.apple.product-type.application";
		};
/* End PBXNativeTarget section */

/* Begin PBXProject section */
		0CE7C05E167B3FEC005A5C16 /* Project object */ = {
			isa = PBXProject;
			attributes = {
				CLASSPREFIX = Abel;
				LastUpgradeCheck = 0440;
				ORGANIZATIONNAME = "Lee Abel";
			};
			buildConfigurationList = 0CE7C061167B3FEC005A5C16 /* Build configuration list for PBXProject "Photygraphy" */;
			compatibilityVersion = "Xcode 3.2";
			developmentRegion = English;
			hasScannedForEncodings = 0;
			knownRegions = (
				en,
			);
			mainGroup = 0CE7C05C167B3FEC005A5C16;
			productRefGroup = 0CE7C068167B3FEC005A5C16 /* Products */;
			projectDirPath = "";
			projectRoot = "";
			targets = (
				0CE7C066167B3FEC005A5C16 /* Photygraphy */,
			);
		};
/* End PBXProject section */

/* Begin PBXResourcesBuildPhase section */
		0CE7C065167B3FEC005A5C16 /* Resources */ = {
			isa = PBXResourcesBuildPhase;
			buildActionMask = 2147483647;
			files = (
				0CE7C076167B3FEC005A5C16 /* InfoPlist.strings in Resources */,
				0CE7C082167B3FEC005A5C16 /* AbelViewController.xib in Resources */,
				0CA35741168C3E5600CDD41E /* 72.png in Resources */,
				0CA35742168C3E5600CDD41E /* 144.png in Resources */,
			);
			runOnlyForDeploymentPostprocessing = 0;
		};
/* End PBXResourcesBuildPhase section */

/* Begin PBXSourcesBuildPhase section */
		0CE7C063167B3FEC005A5C16 /* Sources */ = {
			isa = PBXSourcesBuildPhase;
			buildActionMask = 2147483647;
			files = (
				0CE7C078167B3FEC005A5C16 /* main.m in Sources */,
				0CE7C07C167B3FEC005A5C16 /* AbelAppDelegate.m in Sources */,
				0CE7C07F167B3FEC005A5C16 /* AbelViewController.m in Sources */,
				0C45A066167DB4FD00C6C347 /* Reachability.m in Sources */,
				0C45A067167DB4FD00C6C347 /* ASIAuthenticationDialog.m in Sources */,
				0C45A068167DB4FD00C6C347 /* ASIDataCompressor.m in Sources */,
				0C45A069167DB4FD00C6C347 /* ASIDataDecompressor.m in Sources */,
				0C45A06A167DB4FD00C6C347 /* ASIDownloadCache.m in Sources */,
				0C45A06B167DB4FD00C6C347 /* ASIFormDataRequest.m in Sources */,
				0C45A06C167DB4FD00C6C347 /* ASIHTTPRequest.m in Sources */,
				0C45A06D167DB4FD00C6C347 /* ASIInputStream.m in Sources */,
				0C45A06E167DB4FD00C6C347 /* ASINetworkQueue.m in Sources */,
				0C495026167F372A0072F556 /* JSONKit.m in Sources */,
				0CEB8984168ABB8A001FEB41 /* CameraOverlayViewController.m in Sources */,
				0CEB898C168AEA6E001FEB41 /* ImageViewController.m in Sources */,
				0CA8EAED16D4CC08000C18CC /* UIImage+ImageScale.m in Sources */,
			);
			runOnlyForDeploymentPostprocessing = 0;
		};
/* End PBXSourcesBuildPhase section */

/* Begin PBXVariantGroup section */
		0CE7C074167B3FEC005A5C16 /* InfoPlist.strings */ = {
			isa = PBXVariantGroup;
			children = (
				0CE7C075167B3FEC005A5C16 /* en */,
			);
			name = InfoPlist.strings;
			sourceTree = "<group>";
		};
		0CE7C080167B3FEC005A5C16 /* AbelViewController.xib */ = {
			isa = PBXVariantGroup;
			children = (
				0CE7C081167B3FEC005A5C16 /* en */,
			);
			name = AbelViewController.xib;
			sourceTree = "<group>";
		};
/* End PBXVariantGroup section */

/* Begin XCBuildConfiguration section */
		0CE7C083167B3FEC005A5C16 /* Debug */ = {
			isa = XCBuildConfiguration;
			buildSettings = {
				ALWAYS_SEARCH_USER_PATHS = NO;
				ARCHS = "$(ARCHS_STANDARD_32_BIT)";
				CLANG_CXX_LANGUAGE_STANDARD = "gnu++0x";
				CLANG_ENABLE_OBJC_ARC = YES;
				CLANG_WARN__DUPLICATE_METHOD_MATCH = YES;
				CODE_SIGN_IDENTITY = "iPhone Developer: abel lee (LBD7YXKW8M)";
				"CODE_SIGN_IDENTITY[sdk=iphoneos*]" = "iPhone Developer: abel lee (LBD7YXKW8M)";
				COPY_PHASE_STRIP = NO;
				GCC_C_LANGUAGE_STANDARD = gnu99;
				GCC_DYNAMIC_NO_PIC = NO;
				GCC_OPTIMIZATION_LEVEL = 0;
				GCC_PREPROCESSOR_DEFINITIONS = (
					"DEBUG=1",
					"$(inherited)",
				);
				GCC_SYMBOLS_PRIVATE_EXTERN = NO;
				GCC_VERSION = com.apple.compilers.llvm.clang.1_0;
				GCC_WARN_ABOUT_RETURN_TYPE = YES;
				GCC_WARN_UNINITIALIZED_AUTOS = YES;
				GCC_WARN_UNUSED_VARIABLE = YES;
				IPHONEOS_DEPLOYMENT_TARGET = 4.0;
				PROVISIONING_PROFILE = "9A86ABB9-3011-49BF-A8C5-94DDAE4BBB6B";
				"PROVISIONING_PROFILE[sdk=iphoneos*]" = "9A86ABB9-3011-49BF-A8C5-94DDAE4BBB6B";
				SDKROOT = iphoneos;
				SKIP_INSTALL = YES;
			};
			name = Debug;
		};
		0CE7C084167B3FEC005A5C16 /* Release */ = {
			isa = XCBuildConfiguration;
			buildSettings = {
				ALWAYS_SEARCH_USER_PATHS = NO;
				ARCHS = "$(ARCHS_STANDARD_32_BIT)";
				CLANG_CXX_LANGUAGE_STANDARD = "gnu++0x";
				CLANG_ENABLE_OBJC_ARC = YES;
				CLANG_WARN__DUPLICATE_METHOD_MATCH = YES;
				CODE_SIGN_IDENTITY = "iPhone Distribution: LI JINBEI";
				"CODE_SIGN_IDENTITY[sdk=iphoneos*]" = "iPhone Distribution: LI JINBEI";
				COPY_PHASE_STRIP = YES;
				GCC_C_LANGUAGE_STANDARD = gnu99;
				GCC_VERSION = com.apple.compilers.llvm.clang.1_0;
				GCC_WARN_ABOUT_RETURN_TYPE = YES;
				GCC_WARN_UNINITIALIZED_AUTOS = YES;
				GCC_WARN_UNUSED_VARIABLE = YES;
				IPHONEOS_DEPLOYMENT_TARGET = 4.0;
				OTHER_CFLAGS = "-DNS_BLOCK_ASSERTIONS=1";
				PROVISIONING_PROFILE = "6F3A4A1A-33EE-46B8-ADF2-E5D8054E2E66";
				"PROVISIONING_PROFILE[sdk=iphoneos*]" = "6F3A4A1A-33EE-46B8-ADF2-E5D8054E2E66";
				SDKROOT = iphoneos;
				SKIP_INSTALL = YES;
				VALIDATE_PRODUCT = YES;
			};
			name = Release;
		};
		0CE7C086167B3FEC005A5C16 /* Debug */ = {
			isa = XCBuildConfiguration;
			buildSettings = {
				CLANG_ENABLE_OBJC_ARC = NO;
				GCC_PRECOMPILE_PREFIX_HEADER = YES;
				GCC_PREFIX_HEADER = "Photygraphy/Photygraphy-Prefix.pch";
				INFOPLIST_FILE = "Photygraphy/Photygraphy-Info.plist";
				IPHONEOS_DEPLOYMENT_TARGET = 4.0;
				PRODUCT_NAME = "$(TARGET_NAME)";
				SKIP_INSTALL = NO;
				TARGETED_DEVICE_FAMILY = 2;
				WRAPPER_EXTENSION = app;
			};
			name = Debug;
		};
		0CE7C087167B3FEC005A5C16 /* Release */ = {
			isa = XCBuildConfiguration;
			buildSettings = {
				CLANG_ENABLE_OBJC_ARC = NO;
				CODE_SIGN_IDENTITY = "iPhone Distribution: LI JINBEI";
				"CODE_SIGN_IDENTITY[sdk=iphoneos*]" = "iPhone Distribution: LI JINBEI";
				GCC_PRECOMPILE_PREFIX_HEADER = YES;
				GCC_PREFIX_HEADER = "Photygraphy/Photygraphy-Prefix.pch";
				INFOPLIST_FILE = "Photygraphy/Photygraphy-Info.plist";
				IPHONEOS_DEPLOYMENT_TARGET = 4.0;
				PRODUCT_NAME = "$(TARGET_NAME)";
				PROVISIONING_PROFILE = "6F3A4A1A-33EE-46B8-ADF2-E5D8054E2E66";
				"PROVISIONING_PROFILE[sdk=iphoneos*]" = "6F3A4A1A-33EE-46B8-ADF2-E5D8054E2E66";
				SKIP_INSTALL = NO;
				TARGETED_DEVICE_FAMILY = 2;
				WRAPPER_EXTENSION = app;
			};
			name = Release;
		};
/* End XCBuildConfiguration section */

/* Begin XCConfigurationList section */
		0CE7C061167B3FEC005A5C16 /* Build configuration list for PBXProject "Photygraphy" */ = {
			isa = XCConfigurationList;
			buildConfigurations = (
				0CE7C083167B3FEC005A5C16 /* Debug */,
				0CE7C084167B3FEC005A5C16 /* Release */,
			);
			defaultConfigurationIsVisible = 0;
			defaultConfigurationName = Release;
		};
		0CE7C085167B3FEC005A5C16 /* Build configuration list for PBXNativeTarget "Photygraphy" */ = {
			isa = XCConfigurationList;
			buildConfigurations = (
				0CE7C086167B3FEC005A5C16 /* Debug */,
				0CE7C087167B3FEC005A5C16 /* Release */,
			);
			defaultConfigurationIsVisible = 0;
			defaultConfigurationName = Release;
		};
/* End XCConfigurationList section */
	};
	rootObject = 0CE7C05E167B3FEC005A5C16 /* Project object */;
}
