// !$*UTF8*$!
{
	archiveVersion = 1;
	classes = {
	};
	objectVersion = 46;
	objects = {

/* Begin PBXBuildFile section */
		0C2E449216E9C41500997540 /* Foundation.framework in Frameworks */ = {isa = PBXBuildFile; fileRef = 0C2E449116E9C41500997540 /* Foundation.framework */; };
		0C2E449716E9C41500997540 /* CocoaLib.h in CopyFiles */ = {isa = PBXBuildFile; fileRef = 0C2E449616E9C41500997540 /* CocoaLib.h */; };
		0C2E449916E9C41500997540 /* CocoaLib.m in Sources */ = {isa = PBXBuildFile; fileRef = 0C2E449816E9C41500997540 /* CocoaLib.m */; };
/* End PBXBuildFile section */

/* Begin PBXCopyFilesBuildPhase section */
		0C2E448C16E9C41500997540 /* CopyFiles */ = {
			isa = PBXCopyFilesBuildPhase;
			buildActionMask = 2147483647;
			dstPath = "include/${PRODUCT_NAME}";
			dstSubfolderSpec = 16;
			files = (
				0C2E449716E9C41500997540 /* CocoaLib.h in CopyFiles */,
			);
			runOnlyForDeploymentPostprocessing = 0;
		};
/* End PBXCopyFilesBuildPhase section */

/* Begin PBXFileReference section */
		0C2E448E16E9C41500997540 /* libCocoaLib.a */ = {isa = PBXFileReference; explicitFileType = archive.ar; includeInIndex = 0; path = libCocoaLib.a; sourceTree = BUILT_PRODUCTS_DIR; };
		0C2E449116E9C41500997540 /* Foundation.framework */ = {isa = PBXFileReference; lastKnownFileType = wrapper.framework; name = Foundation.framework; path = System/Library/Frameworks/Foundation.framework; sourceTree = SDKROOT; };
		0C2E449516E9C41500997540 /* CocoaLib-Prefix.pch */ = {isa = PBXFileReference; lastKnownFileType = sourcecode.c.h; path = "CocoaLib-Prefix.pch"; sourceTree = "<group>"; };
		0C2E449616E9C41500997540 /* CocoaLib.h */ = {isa = PBXFileReference; lastKnownFileType = sourcecode.c.h; path = CocoaLib.h; sourceTree = "<group>"; };
		0C2E449816E9C41500997540 /* CocoaLib.m */ = {isa = PBXFileReference; lastKnownFileType = sourcecode.c.objc; path = CocoaLib.m; sourceTree = "<group>"; };
/* End PBXFileReference section */

/* Begin PBXFrameworksBuildPhase section */
		0C2E448B16E9C41500997540 /* Frameworks */ = {
			isa = PBXFrameworksBuildPhase;
			buildActionMask = 2147483647;
			files = (
				0C2E449216E9C41500997540 /* Foundation.framework in Frameworks */,
			);
			runOnlyForDeploymentPostprocessing = 0;
		};
/* End PBXFrameworksBuildPhase section */

/* Begin PBXGroup section */
		0C2E448516E9C41500997540 = {
			isa = PBXGroup;
			children = (
				0C2E449316E9C41500997540 /* CocoaLib */,
				0C2E449016E9C41500997540 /* Frameworks */,
				0C2E448F16E9C41500997540 /* Products */,
			);
			sourceTree = "<group>";
		};
		0C2E448F16E9C41500997540 /* Products */ = {
			isa = PBXGroup;
			children = (
				0C2E448E16E9C41500997540 /* libCocoaLib.a */,
			);
			name = Products;
			sourceTree = "<group>";
		};
		0C2E449016E9C41500997540 /* Frameworks */ = {
			isa = PBXGroup;
			children = (
				0C2E449116E9C41500997540 /* Foundation.framework */,
			);
			name = Frameworks;
			sourceTree = "<group>";
		};
		0C2E449316E9C41500997540 /* CocoaLib */ = {
			isa = PBXGroup;
			children = (
				0C2E449616E9C41500997540 /* CocoaLib.h */,
				0C2E449816E9C41500997540 /* CocoaLib.m */,
				0C2E449416E9C41500997540 /* Supporting Files */,
			);
			path = CocoaLib;
			sourceTree = "<group>";
		};
		0C2E449416E9C41500997540 /* Supporting Files */ = {
			isa = PBXGroup;
			children = (
				0C2E449516E9C41500997540 /* CocoaLib-Prefix.pch */,
			);
			name = "Supporting Files";
			sourceTree = "<group>";
		};
/* End PBXGroup section */

/* Begin PBXNativeTarget section */
		0C2E448D16E9C41500997540 /* CocoaLib */ = {
			isa = PBXNativeTarget;
			buildConfigurationList = 0C2E449C16E9C41500997540 /* Build configuration list for PBXNativeTarget "CocoaLib" */;
			buildPhases = (
				0C2E448A16E9C41500997540 /* Sources */,
				0C2E448B16E9C41500997540 /* Frameworks */,
				0C2E448C16E9C41500997540 /* CopyFiles */,
			);
			buildRules = (
			);
			dependencies = (
			);
			name = CocoaLib;
			productName = CocoaLib;
			productReference = 0C2E448E16E9C41500997540 /* libCocoaLib.a */;
			productType = "com.apple.product-type.library.static";
		};
/* End PBXNativeTarget section */

/* Begin PBXProject section */
		0C2E448616E9C41500997540 /* Project object */ = {
			isa = PBXProject;
			attributes = {
				LastUpgradeCheck = 0460;
				ORGANIZATIONNAME = Abel;
			};
			buildConfigurationList = 0C2E448916E9C41500997540 /* Build configuration list for PBXProject "CocoaLib" */;
			compatibilityVersion = "Xcode 3.2";
			developmentRegion = English;
			hasScannedForEncodings = 0;
			knownRegions = (
				en,
			);
			mainGroup = 0C2E448516E9C41500997540;
			productRefGroup = 0C2E448F16E9C41500997540 /* Products */;
			projectDirPath = "";
			projectRoot = "";
			targets = (
				0C2E448D16E9C41500997540 /* CocoaLib */,
			);
		};
/* End PBXProject section */

/* Begin PBXSourcesBuildPhase section */
		0C2E448A16E9C41500997540 /* Sources */ = {
			isa = PBXSourcesBuildPhase;
			buildActionMask = 2147483647;
			files = (
				0C2E449916E9C41500997540 /* CocoaLib.m in Sources */,
			);
			runOnlyForDeploymentPostprocessing = 0;
		};
/* End PBXSourcesBuildPhase section */

/* Begin XCBuildConfiguration section */
		0C2E449A16E9C41500997540 /* Debug */ = {
			isa = XCBuildConfiguration;
			buildSettings = {
				ALWAYS_SEARCH_USER_PATHS = NO;
				CLANG_CXX_LANGUAGE_STANDARD = "gnu++0x";
				CLANG_CXX_LIBRARY = "libc++";
				CLANG_WARN_CONSTANT_CONVERSION = YES;
				CLANG_WARN_EMPTY_BODY = YES;
				CLANG_WARN_ENUM_CONVERSION = YES;
				CLANG_WARN_INT_CONVERSION = YES;
				CLANG_WARN__DUPLICATE_METHOD_MATCH = YES;
				COPY_PHASE_STRIP = NO;
				GCC_C_LANGUAGE_STANDARD = gnu99;
				GCC_DYNAMIC_NO_PIC = NO;
				GCC_OPTIMIZATION_LEVEL = 0;
				GCC_PREPROCESSOR_DEFINITIONS = (
					"DEBUG=1",
					"$(inherited)",
				);
				GCC_SYMBOLS_PRIVATE_EXTERN = NO;
				GCC_WARN_ABOUT_RETURN_TYPE = YES;
				GCC_WARN_UNINITIALIZED_AUTOS = YES;
				GCC_WARN_UNUSED_VARIABLE = YES;
				IPHONEOS_DEPLOYMENT_TARGET = 6.1;
				ONLY_ACTIVE_ARCH = YES;
				SDKROOT = iphoneos;
			};
			name = Debug;
		};
		0C2E449B16E9C41500997540 /* Release */ = {
			isa = XCBuildConfiguration;
			buildSettings = {
				ALWAYS_SEARCH_USER_PATHS = NO;
				CLANG_CXX_LANGUAGE_STANDARD = "gnu++0x";
				CLANG_CXX_LIBRARY = "libc++";
				CLANG_WARN_CONSTANT_CONVERSION = YES;
				CLANG_WARN_EMPTY_BODY = YES;
				CLANG_WARN_ENUM_CONVERSION = YES;
				CLANG_WARN_INT_CONVERSION = YES;
				CLANG_WARN__DUPLICATE_METHOD_MATCH = YES;
				COPY_PHASE_STRIP = YES;
				GCC_C_LANGUAGE_STANDARD = gnu99;
				GCC_WARN_ABOUT_RETURN_TYPE = YES;
				GCC_WARN_UNINITIALIZED_AUTOS = YES;
				GCC_WARN_UNUSED_VARIABLE = YES;
				IPHONEOS_DEPLOYMENT_TARGET = 6.1;
				SDKROOT = iphoneos;
				VALIDATE_PRODUCT = YES;
			};
			name = Release;
		};
		0C2E449D16E9C41500997540 /* Debug */ = {
			isa = XCBuildConfiguration;
			buildSettings = {
				DSTROOT = /tmp/CocoaLib.dst;
				GCC_PRECOMPILE_PREFIX_HEADER = YES;
				GCC_PREFIX_HEADER = "CocoaLib/CocoaLib-Prefix.pch";
				OTHER_LDFLAGS = "-ObjC";
				PRODUCT_NAME = "$(TARGET_NAME)";
				SKIP_INSTALL = YES;
			};
			name = Debug;
		};
		0C2E449E16E9C41500997540 /* Release */ = {
			isa = XCBuildConfiguration;
			buildSettings = {
				DSTROOT = /tmp/CocoaLib.dst;
				GCC_PRECOMPILE_PREFIX_HEADER = YES;
				GCC_PREFIX_HEADER = "CocoaLib/CocoaLib-Prefix.pch";
				OTHER_LDFLAGS = "-ObjC";
				PRODUCT_NAME = "$(TARGET_NAME)";
				SKIP_INSTALL = YES;
			};
			name = Release;
		};
/* End XCBuildConfiguration section */

/* Begin XCConfigurationList section */
		0C2E448916E9C41500997540 /* Build configuration list for PBXProject "CocoaLib" */ = {
			isa = XCConfigurationList;
			buildConfigurations = (
				0C2E449A16E9C41500997540 /* Debug */,
				0C2E449B16E9C41500997540 /* Release */,
			);
			defaultConfigurationIsVisible = 0;
			defaultConfigurationName = Release;
		};
		0C2E449C16E9C41500997540 /* Build configuration list for PBXNativeTarget "CocoaLib" */ = {
			isa = XCConfigurationList;
			buildConfigurations = (
				0C2E449D16E9C41500997540 /* Debug */,
				0C2E449E16E9C41500997540 /* Release */,
			);
			defaultConfigurationIsVisible = 0;
		};
/* End XCConfigurationList section */
	};
	rootObject = 0C2E448616E9C41500997540 /* Project object */;
}
