// !$*UTF8*$!
{
	archiveVersion = 1;
	classes = {
	};
	objectVersion = 46;
	objects = {

/* Begin PBXBuildFile section */
		0C8C2A7D141DBB34006ED2EB /* TouchableUILabel.m in Sources */ = {isa = PBXBuildFile; fileRef = 0C8C2A7C141DBB34006ED2EB /* TouchableUILabel.m */; };
		0C8C2A8A141E3569006ED2EB /* RegistInterface.m in Sources */ = {isa = PBXBuildFile; fileRef = 0C8C2A89141E3569006ED2EB /* RegistInterface.m */; };
		0CB90A2B141C9D3A00DF0C14 /* UIKit.framework in Frameworks */ = {isa = PBXBuildFile; fileRef = 0CB90A2A141C9D3A00DF0C14 /* UIKit.framework */; };
		0CB90A2D141C9D3A00DF0C14 /* Foundation.framework in Frameworks */ = {isa = PBXBuildFile; fileRef = 0CB90A2C141C9D3A00DF0C14 /* Foundation.framework */; };
		0CB90A2F141C9D3A00DF0C14 /* CoreGraphics.framework in Frameworks */ = {isa = PBXBuildFile; fileRef = 0CB90A2E141C9D3A00DF0C14 /* CoreGraphics.framework */; };
		0CB90A35141C9D3A00DF0C14 /* InfoPlist.strings in Resources */ = {isa = PBXBuildFile; fileRef = 0CB90A33141C9D3A00DF0C14 /* InfoPlist.strings */; };
		0CB90A37141C9D3A00DF0C14 /* main.m in Sources */ = {isa = PBXBuildFile; fileRef = 0CB90A36141C9D3A00DF0C14 /* main.m */; };
		0CB90A3B141C9D3A00DF0C14 /* MovingTribalAppDelegate.m in Sources */ = {isa = PBXBuildFile; fileRef = 0CB90A3A141C9D3A00DF0C14 /* MovingTribalAppDelegate.m */; };
		0CBC360F141FB0570043F467 /* 32.png in Resources */ = {isa = PBXBuildFile; fileRef = 0CBC360E141FB0570043F467 /* 32.png */; };
		0CBC3612141FB6B00043F467 /* MapInterface.m in Sources */ = {isa = PBXBuildFile; fileRef = 0CBC3611141FB6B00043F467 /* MapInterface.m */; };
		0CE49A0A141CF5C4007DD4BC /* MapKit.framework in Frameworks */ = {isa = PBXBuildFile; fileRef = 0CE49A09141CF5C4007DD4BC /* MapKit.framework */; };
		0CE49A0E141D24DF007DD4BC /* MovingTribalController.m in Sources */ = {isa = PBXBuildFile; fileRef = 0CE49A0D141D24DF007DD4BC /* MovingTribalController.m */; };
		0CF86E4B141E4BB4002792F3 /* LoginInterface.m in Sources */ = {isa = PBXBuildFile; fileRef = 0CF86E4A141E4BB4002792F3 /* LoginInterface.m */; };
		0CF86E57141E60C4002792F3 /* QuartzCore.framework in Frameworks */ = {isa = PBXBuildFile; fileRef = 0CF86E56141E60C4002792F3 /* QuartzCore.framework */; };
		0CF86E62141E7CF8002792F3 /* OthersLoginInterface.m in Sources */ = {isa = PBXBuildFile; fileRef = 0CF86E61141E7CF8002792F3 /* OthersLoginInterface.m */; };
/* End PBXBuildFile section */

/* Begin PBXFileReference section */
		0C8C2A7B141DBB34006ED2EB /* TouchableUILabel.h */ = {isa = PBXFileReference; fileEncoding = 4; lastKnownFileType = sourcecode.c.h; path = TouchableUILabel.h; sourceTree = "<group>"; };
		0C8C2A7C141DBB34006ED2EB /* TouchableUILabel.m */ = {isa = PBXFileReference; fileEncoding = 4; lastKnownFileType = sourcecode.c.objc; path = TouchableUILabel.m; sourceTree = "<group>"; };
		0C8C2A7F141DBF4F006ED2EB /* TouchableUILabelDelegate.h */ = {isa = PBXFileReference; fileEncoding = 4; lastKnownFileType = sourcecode.c.h; path = TouchableUILabelDelegate.h; sourceTree = "<group>"; };
		0C8C2A88141E3569006ED2EB /* RegistInterface.h */ = {isa = PBXFileReference; fileEncoding = 4; lastKnownFileType = sourcecode.c.h; path = RegistInterface.h; sourceTree = "<group>"; };
		0C8C2A89141E3569006ED2EB /* RegistInterface.m */ = {isa = PBXFileReference; fileEncoding = 4; lastKnownFileType = sourcecode.c.objc; path = RegistInterface.m; sourceTree = "<group>"; };
		0CB90A26141C9D3A00DF0C14 /* MovingTribal.app */ = {isa = PBXFileReference; explicitFileType = wrapper.application; includeInIndex = 0; path = MovingTribal.app; sourceTree = BUILT_PRODUCTS_DIR; };
		0CB90A2A141C9D3A00DF0C14 /* UIKit.framework */ = {isa = PBXFileReference; lastKnownFileType = wrapper.framework; name = UIKit.framework; path = System/Library/Frameworks/UIKit.framework; sourceTree = SDKROOT; };
		0CB90A2C141C9D3A00DF0C14 /* Foundation.framework */ = {isa = PBXFileReference; lastKnownFileType = wrapper.framework; name = Foundation.framework; path = System/Library/Frameworks/Foundation.framework; sourceTree = SDKROOT; };
		0CB90A2E141C9D3A00DF0C14 /* CoreGraphics.framework */ = {isa = PBXFileReference; lastKnownFileType = wrapper.framework; name = CoreGraphics.framework; path = System/Library/Frameworks/CoreGraphics.framework; sourceTree = SDKROOT; };
		0CB90A32141C9D3A00DF0C14 /* MovingTribal-Info.plist */ = {isa = PBXFileReference; lastKnownFileType = text.plist.xml; path = "MovingTribal-Info.plist"; sourceTree = "<group>"; };
		0CB90A34141C9D3A00DF0C14 /* en */ = {isa = PBXFileReference; lastKnownFileType = text.plist.strings; name = en; path = en.lproj/InfoPlist.strings; sourceTree = "<group>"; };
		0CB90A36141C9D3A00DF0C14 /* main.m */ = {isa = PBXFileReference; lastKnownFileType = sourcecode.c.objc; path = main.m; sourceTree = "<group>"; };
		0CB90A38141C9D3A00DF0C14 /* MovingTribal-Prefix.pch */ = {isa = PBXFileReference; lastKnownFileType = sourcecode.c.h; path = "MovingTribal-Prefix.pch"; sourceTree = "<group>"; };
		0CB90A39141C9D3A00DF0C14 /* MovingTribalAppDelegate.h */ = {isa = PBXFileReference; lastKnownFileType = sourcecode.c.h; path = MovingTribalAppDelegate.h; sourceTree = "<group>"; };
		0CB90A3A141C9D3A00DF0C14 /* MovingTribalAppDelegate.m */ = {isa = PBXFileReference; lastKnownFileType = sourcecode.c.objc; path = MovingTribalAppDelegate.m; sourceTree = "<group>"; };
		0CBC360E141FB0570043F467 /* 32.png */ = {isa = PBXFileReference; lastKnownFileType = image.png; name = 32.png; path = ../../../../../Desktop/Everything/MewResource/newIcons/32.png; sourceTree = "<group>"; };
		0CBC3610141FB6B00043F467 /* MapInterface.h */ = {isa = PBXFileReference; fileEncoding = 4; lastKnownFileType = sourcecode.c.h; path = MapInterface.h; sourceTree = "<group>"; };
		0CBC3611141FB6B00043F467 /* MapInterface.m */ = {isa = PBXFileReference; fileEncoding = 4; lastKnownFileType = sourcecode.c.objc; path = MapInterface.m; sourceTree = "<group>"; };
		0CE49A09141CF5C4007DD4BC /* MapKit.framework */ = {isa = PBXFileReference; lastKnownFileType = wrapper.framework; name = MapKit.framework; path = System/Library/Frameworks/MapKit.framework; sourceTree = SDKROOT; };
		0CE49A0C141D24DF007DD4BC /* MovingTribalController.h */ = {isa = PBXFileReference; fileEncoding = 4; lastKnownFileType = sourcecode.c.h; path = MovingTribalController.h; sourceTree = "<group>"; };
		0CE49A0D141D24DF007DD4BC /* MovingTribalController.m */ = {isa = PBXFileReference; fileEncoding = 4; lastKnownFileType = sourcecode.c.objc; path = MovingTribalController.m; sourceTree = "<group>"; };
		0CF86E49141E4BB4002792F3 /* LoginInterface.h */ = {isa = PBXFileReference; fileEncoding = 4; lastKnownFileType = sourcecode.c.h; path = LoginInterface.h; sourceTree = "<group>"; };
		0CF86E4A141E4BB4002792F3 /* LoginInterface.m */ = {isa = PBXFileReference; fileEncoding = 4; lastKnownFileType = sourcecode.c.objc; path = LoginInterface.m; sourceTree = "<group>"; };
		0CF86E56141E60C4002792F3 /* QuartzCore.framework */ = {isa = PBXFileReference; lastKnownFileType = wrapper.framework; name = QuartzCore.framework; path = System/Library/Frameworks/QuartzCore.framework; sourceTree = SDKROOT; };
		0CF86E60141E7CF8002792F3 /* OthersLoginInterface.h */ = {isa = PBXFileReference; fileEncoding = 4; lastKnownFileType = sourcecode.c.h; path = OthersLoginInterface.h; sourceTree = "<group>"; };
		0CF86E61141E7CF8002792F3 /* OthersLoginInterface.m */ = {isa = PBXFileReference; fileEncoding = 4; lastKnownFileType = sourcecode.c.objc; path = OthersLoginInterface.m; sourceTree = "<group>"; };
		0CF86E63141E7D46002792F3 /* InterfaceDelegate.h */ = {isa = PBXFileReference; fileEncoding = 4; lastKnownFileType = sourcecode.c.h; path = InterfaceDelegate.h; sourceTree = "<group>"; };
/* End PBXFileReference section */

/* Begin PBXFrameworksBuildPhase section */
		0CB90A23141C9D3A00DF0C14 /* Frameworks */ = {
			isa = PBXFrameworksBuildPhase;
			buildActionMask = 2147483647;
			files = (
				0CF86E57141E60C4002792F3 /* QuartzCore.framework in Frameworks */,
				0CE49A0A141CF5C4007DD4BC /* MapKit.framework in Frameworks */,
				0CB90A2B141C9D3A00DF0C14 /* UIKit.framework in Frameworks */,
				0CB90A2D141C9D3A00DF0C14 /* Foundation.framework in Frameworks */,
				0CB90A2F141C9D3A00DF0C14 /* CoreGraphics.framework in Frameworks */,
			);
			runOnlyForDeploymentPostprocessing = 0;
		};
/* End PBXFrameworksBuildPhase section */

/* Begin PBXGroup section */
		0C8C2A8B141E364F006ED2EB /* Components */ = {
			isa = PBXGroup;
			children = (
				0C8C2A7B141DBB34006ED2EB /* TouchableUILabel.h */,
				0C8C2A7C141DBB34006ED2EB /* TouchableUILabel.m */,
				0C8C2A7F141DBF4F006ED2EB /* TouchableUILabelDelegate.h */,
			);
			name = Components;
			sourceTree = "<group>";
		};
		0CB90A1B141C9D3A00DF0C14 = {
			isa = PBXGroup;
			children = (
				0CB90A30141C9D3A00DF0C14 /* MovingTribal */,
				0CB90A29141C9D3A00DF0C14 /* Frameworks */,
				0CB90A27141C9D3A00DF0C14 /* Products */,
			);
			sourceTree = "<group>";
		};
		0CB90A27141C9D3A00DF0C14 /* Products */ = {
			isa = PBXGroup;
			children = (
				0CB90A26141C9D3A00DF0C14 /* MovingTribal.app */,
			);
			name = Products;
			sourceTree = "<group>";
		};
		0CB90A29141C9D3A00DF0C14 /* Frameworks */ = {
			isa = PBXGroup;
			children = (
				0CF86E56141E60C4002792F3 /* QuartzCore.framework */,
				0CE49A09141CF5C4007DD4BC /* MapKit.framework */,
				0CB90A2A141C9D3A00DF0C14 /* UIKit.framework */,
				0CB90A2C141C9D3A00DF0C14 /* Foundation.framework */,
				0CB90A2E141C9D3A00DF0C14 /* CoreGraphics.framework */,
			);
			name = Frameworks;
			sourceTree = "<group>";
		};
		0CB90A30141C9D3A00DF0C14 /* MovingTribal */ = {
			isa = PBXGroup;
			children = (
				0CB90A39141C9D3A00DF0C14 /* MovingTribalAppDelegate.h */,
				0CB90A3A141C9D3A00DF0C14 /* MovingTribalAppDelegate.m */,
				0CE49A0C141D24DF007DD4BC /* MovingTribalController.h */,
				0CE49A0D141D24DF007DD4BC /* MovingTribalController.m */,
				0CF86E4D141E515B002792F3 /* SubInterfaces */,
				0C8C2A8B141E364F006ED2EB /* Components */,
				0CBC360C141FB02D0043F467 /* Images */,
				0CB90A31141C9D3A00DF0C14 /* Supporting Files */,
			);
			path = MovingTribal;
			sourceTree = "<group>";
		};
		0CB90A31141C9D3A00DF0C14 /* Supporting Files */ = {
			isa = PBXGroup;
			children = (
				0CB90A32141C9D3A00DF0C14 /* MovingTribal-Info.plist */,
				0CB90A33141C9D3A00DF0C14 /* InfoPlist.strings */,
				0CB90A36141C9D3A00DF0C14 /* main.m */,
				0CB90A38141C9D3A00DF0C14 /* MovingTribal-Prefix.pch */,
			);
			name = "Supporting Files";
			sourceTree = "<group>";
		};
		0CBC360C141FB02D0043F467 /* Images */ = {
			isa = PBXGroup;
			children = (
				0CBC360E141FB0570043F467 /* 32.png */,
			);
			name = Images;
			sourceTree = "<group>";
		};
		0CF86E4D141E515B002792F3 /* SubInterfaces */ = {
			isa = PBXGroup;
			children = (
				0CF86E50141E555B002792F3 /* Delegates */,
				0C8C2A88141E3569006ED2EB /* RegistInterface.h */,
				0C8C2A89141E3569006ED2EB /* RegistInterface.m */,
				0CF86E49141E4BB4002792F3 /* LoginInterface.h */,
				0CF86E4A141E4BB4002792F3 /* LoginInterface.m */,
				0CF86E60141E7CF8002792F3 /* OthersLoginInterface.h */,
				0CF86E61141E7CF8002792F3 /* OthersLoginInterface.m */,
				0CBC3610141FB6B00043F467 /* MapInterface.h */,
				0CBC3611141FB6B00043F467 /* MapInterface.m */,
			);
			name = SubInterfaces;
			sourceTree = "<group>";
		};
		0CF86E50141E555B002792F3 /* Delegates */ = {
			isa = PBXGroup;
			children = (
				0CF86E63141E7D46002792F3 /* InterfaceDelegate.h */,
			);
			name = Delegates;
			sourceTree = "<group>";
		};
/* End PBXGroup section */

/* Begin PBXNativeTarget section */
		0CB90A25141C9D3A00DF0C14 /* MovingTribal */ = {
			isa = PBXNativeTarget;
			buildConfigurationList = 0CB90A3E141C9D3A00DF0C14 /* Build configuration list for PBXNativeTarget "MovingTribal" */;
			buildPhases = (
				0CB90A22141C9D3A00DF0C14 /* Sources */,
				0CB90A23141C9D3A00DF0C14 /* Frameworks */,
				0CB90A24141C9D3A00DF0C14 /* Resources */,
			);
			buildRules = (
			);
			dependencies = (
			);
			name = MovingTribal;
			productName = MovingTribal;
			productReference = 0CB90A26141C9D3A00DF0C14 /* MovingTribal.app */;
			productType = "com.apple.product-type.application";
		};
/* End PBXNativeTarget section */

/* Begin PBXProject section */
		0CB90A1D141C9D3A00DF0C14 /* Project object */ = {
			isa = PBXProject;
			buildConfigurationList = 0CB90A20141C9D3A00DF0C14 /* Build configuration list for PBXProject "MovingTribal" */;
			compatibilityVersion = "Xcode 3.2";
			developmentRegion = English;
			hasScannedForEncodings = 0;
			knownRegions = (
				en,
			);
			mainGroup = 0CB90A1B141C9D3A00DF0C14;
			productRefGroup = 0CB90A27141C9D3A00DF0C14 /* Products */;
			projectDirPath = "";
			projectRoot = "";
			targets = (
				0CB90A25141C9D3A00DF0C14 /* MovingTribal */,
			);
		};
/* End PBXProject section */

/* Begin PBXResourcesBuildPhase section */
		0CB90A24141C9D3A00DF0C14 /* Resources */ = {
			isa = PBXResourcesBuildPhase;
			buildActionMask = 2147483647;
			files = (
				0CB90A35141C9D3A00DF0C14 /* InfoPlist.strings in Resources */,
				0CBC360F141FB0570043F467 /* 32.png in Resources */,
			);
			runOnlyForDeploymentPostprocessing = 0;
		};
/* End PBXResourcesBuildPhase section */

/* Begin PBXSourcesBuildPhase section */
		0CB90A22141C9D3A00DF0C14 /* Sources */ = {
			isa = PBXSourcesBuildPhase;
			buildActionMask = 2147483647;
			files = (
				0CB90A37141C9D3A00DF0C14 /* main.m in Sources */,
				0CB90A3B141C9D3A00DF0C14 /* MovingTribalAppDelegate.m in Sources */,
				0CE49A0E141D24DF007DD4BC /* MovingTribalController.m in Sources */,
				0C8C2A7D141DBB34006ED2EB /* TouchableUILabel.m in Sources */,
				0C8C2A8A141E3569006ED2EB /* RegistInterface.m in Sources */,
				0CF86E4B141E4BB4002792F3 /* LoginInterface.m in Sources */,
				0CF86E62141E7CF8002792F3 /* OthersLoginInterface.m in Sources */,
				0CBC3612141FB6B00043F467 /* MapInterface.m in Sources */,
			);
			runOnlyForDeploymentPostprocessing = 0;
		};
/* End PBXSourcesBuildPhase section */

/* Begin PBXVariantGroup section */
		0CB90A33141C9D3A00DF0C14 /* InfoPlist.strings */ = {
			isa = PBXVariantGroup;
			children = (
				0CB90A34141C9D3A00DF0C14 /* en */,
			);
			name = InfoPlist.strings;
			sourceTree = "<group>";
		};
/* End PBXVariantGroup section */

/* Begin XCBuildConfiguration section */
		0CB90A3C141C9D3A00DF0C14 /* Debug */ = {
			isa = XCBuildConfiguration;
			buildSettings = {
				ALWAYS_SEARCH_USER_PATHS = NO;
				ARCHS = "$(ARCHS_STANDARD_32_BIT)";
				CLANG_ENABLE_OBJC_ARC = YES;
				"CODE_SIGN_IDENTITY[sdk=iphoneos*]" = "iPhone Developer";
				COPY_PHASE_STRIP = NO;
				GCC_C_LANGUAGE_STANDARD = gnu99;
				GCC_DYNAMIC_NO_PIC = NO;
				GCC_OPTIMIZATION_LEVEL = 0;
				GCC_PREPROCESSOR_DEFINITIONS = (
					"DEBUG=1",
					"$(inherited)",
				);
				GCC_SYMBOLS_PRIVATE_EXTERN = NO;
				GCC_VERSION = com.apple.compilers.llvm.clang.1_0;
				GCC_WARN_ABOUT_MISSING_PROTOTYPES = YES;
				GCC_WARN_ABOUT_RETURN_TYPE = YES;
				GCC_WARN_UNUSED_VARIABLE = YES;
				IPHONEOS_DEPLOYMENT_TARGET = 4.3;
				SDKROOT = iphoneos;
			};
			name = Debug;
		};
		0CB90A3D141C9D3A00DF0C14 /* Release */ = {
			isa = XCBuildConfiguration;
			buildSettings = {
				ALWAYS_SEARCH_USER_PATHS = NO;
				ARCHS = "$(ARCHS_STANDARD_32_BIT)";
				CLANG_ENABLE_OBJC_ARC = YES;
				"CODE_SIGN_IDENTITY[sdk=iphoneos*]" = "iPhone Developer";
				COPY_PHASE_STRIP = YES;
				GCC_C_LANGUAGE_STANDARD = gnu99;
				GCC_VERSION = com.apple.compilers.llvm.clang.1_0;
				GCC_WARN_ABOUT_MISSING_PROTOTYPES = YES;
				GCC_WARN_ABOUT_RETURN_TYPE = YES;
				GCC_WARN_UNUSED_VARIABLE = YES;
				IPHONEOS_DEPLOYMENT_TARGET = 4.3;
				OTHER_CFLAGS = "-DNS_BLOCK_ASSERTIONS=1";
				SDKROOT = iphoneos;
				VALIDATE_PRODUCT = YES;
			};
			name = Release;
		};
		0CB90A3F141C9D3A00DF0C14 /* Debug */ = {
			isa = XCBuildConfiguration;
			buildSettings = {
				GCC_PRECOMPILE_PREFIX_HEADER = YES;
				GCC_PREFIX_HEADER = "MovingTribal/MovingTribal-Prefix.pch";
				INFOPLIST_FILE = "MovingTribal/MovingTribal-Info.plist";
				IPHONEOS_DEPLOYMENT_TARGET = 4.3;
				PRODUCT_NAME = "$(TARGET_NAME)";
				WRAPPER_EXTENSION = app;
			};
			name = Debug;
		};
		0CB90A40141C9D3A00DF0C14 /* Release */ = {
			isa = XCBuildConfiguration;
			buildSettings = {
				GCC_PRECOMPILE_PREFIX_HEADER = YES;
				GCC_PREFIX_HEADER = "MovingTribal/MovingTribal-Prefix.pch";
				INFOPLIST_FILE = "MovingTribal/MovingTribal-Info.plist";
				IPHONEOS_DEPLOYMENT_TARGET = 4.3;
				PRODUCT_NAME = "$(TARGET_NAME)";
				WRAPPER_EXTENSION = app;
			};
			name = Release;
		};
/* End XCBuildConfiguration section */

/* Begin XCConfigurationList section */
		0CB90A20141C9D3A00DF0C14 /* Build configuration list for PBXProject "MovingTribal" */ = {
			isa = XCConfigurationList;
			buildConfigurations = (
				0CB90A3C141C9D3A00DF0C14 /* Debug */,
				0CB90A3D141C9D3A00DF0C14 /* Release */,
			);
			defaultConfigurationIsVisible = 0;
			defaultConfigurationName = Release;
		};
		0CB90A3E141C9D3A00DF0C14 /* Build configuration list for PBXNativeTarget "MovingTribal" */ = {
			isa = XCConfigurationList;
			buildConfigurations = (
				0CB90A3F141C9D3A00DF0C14 /* Debug */,
				0CB90A40141C9D3A00DF0C14 /* Release */,
			);
			defaultConfigurationIsVisible = 0;
			defaultConfigurationName = Release;
		};
/* End XCConfigurationList section */
	};
	rootObject = 0CB90A1D141C9D3A00DF0C14 /* Project object */;
}
